
Microsoft Visual Studio Solution File, Format Version 12.00
# Visual Studio Version 16
VisualStudioVersion = 16.0.32428.217
MinimumVisualStudioVersion = 10.0.40219.1
Project("{FAE04EC0-301F-11D3-BF4B-00C04F79EFBC}") = "Proyecto_Programacion3", "Proyecto_Programacion3\Proyecto_Programacion3.csproj", "{13BA3813-8628-4196-9E38-A366DD1D5306}"
EndProject
Global
	GlobalSection(SolutionConfigurationPlatforms) = preSolution
		Debug|Any CPU = Debug|Any CPU
		Release|Any CPU = Release|Any CPU
	EndGlobalSection
	GlobalSection(ProjectConfigurationPlatforms) = postSolution
		{13BA3813-8628-4196-9E38-A366DD1D5306}.Debug|Any CPU.ActiveCfg = Debug|Any CPU
		{13BA3813-8628-4196-9E38-A366DD1D5306}.Debug|Any CPU.Build.0 = Debug|Any CPU
		{13BA3813-8628-4196-9E38-A366DD1D5306}.Release|Any CPU.ActiveCfg = Release|Any CPU
		{13BA3813-8628-4196-9E38-A366DD1D5306}.Release|Any CPU.Build.0 = Release|Any CPU
	EndGlobalSection
	GlobalSection(SolutionProperties) = preSolution
		HideSolutionNode = FALSE
	EndGlobalSection
	GlobalSection(ExtensibilityGlobals) = postSolution
		SolutionGuid = {286585C3-75D4-41AC-A4AA-507D3D886F87}
	EndGlobalSection
EndGlobal
